// !$*UTF8*$!
{
	archiveVersion = 1;
	classes = {
	};
	objectVersion = 77;
	objects = {

/* Begin PBXContainerItemProxy section */
		46980EEB2E3997F000BAA41C /* PBXContainerItemProxy */ = {
			isa = PBXContainerItemProxy;
			containerPortal = 46980ECE2E3997EF00BAA41C /* Project object */;
			proxyType = 1;
			remoteGlobalIDString = 46980ED52E3997EF00BAA41C;
			remoteInfo = MindLabsQuest;
		};
		46980EF52E3997F000BAA41C /* PBXContainerItemProxy */ = {
			isa = PBXContainerItemProxy;
			containerPortal = 46980ECE2E3997EF00BAA41C /* Project object */;
			proxyType = 1;
			remoteGlobalIDString = 46980ED52E3997EF00BAA41C;
			remoteInfo = MindLabsQuest;
		};
/* End PBXContainerItemProxy section */

/* Begin PBXFileReference section */
		46980ED62E3997EF00BAA41C /* MindLabsQuest.app */ = {isa = PBXFileReference; explicitFileType = wrapper.application; includeInIndex = 0; path = MindLabsQuest.app; sourceTree = BUILT_PRODUCTS_DIR; };
		46980EEA2E3997F000BAA41C /* MindLabsQuestTests.xctest */ = {isa = PBXFileReference; explicitFileType = wrapper.cfbundle; includeInIndex = 0; path = MindLabsQuestTests.xctest; sourceTree = BUILT_PRODUCTS_DIR; };
		46980EF42E3997F000BAA41C /* MindLabsQuestUITests.xctest */ = {isa = PBXFileReference; explicitFileType = wrapper.cfbundle; includeInIndex = 0; path = MindLabsQuestUITests.xctest; sourceTree = BUILT_PRODUCTS_DIR; };
/* End PBXFileReference section */

/* Begin PBXFileSystemSynchronizedBuildFileExceptionSet section */
		46980EFC2E3997F000BAA41C /* Exceptions for "MindLabsQuest" folder in "MindLabsQuest" target */ = {
			isa = PBXFileSystemSynchronizedBuildFileExceptionSet;
			membershipExceptions = (
				Info.plist,
			);
			target = 46980ED52E3997EF00BAA41C /* MindLabsQuest */;
		};
/* End PBXFileSystemSynchronizedBuildFileExceptionSet section */

/* Begin PBXFileSystemSynchronizedRootGroup section */
		46980ED82E3997EF00BAA41C /* MindLabsQuest */ = {
			isa = PBXFileSystemSynchronizedRootGroup;
			exceptions = (
				46980EFC2E3997F000BAA41C /* Exceptions for "MindLabsQuest" folder in "MindLabsQuest" target */,
			);
			path = MindLabsQuest;
			sourceTree = "<group>";
		};
		46980EED2E3997F000BAA41C /* MindLabsQuestTests */ = {
			isa = PBXFileSystemSynchronizedRootGroup;
			path = MindLabsQuestTests;
			sourceTree = "<group>";
		};
		46980EF72E3997F000BAA41C /* MindLabsQuestUITests */ = {
			isa = PBXFileSystemSynchronizedRootGroup;
			path = MindLabsQuestUITests;
			sourceTree = "<group>";
		};
/* End PBXFileSystemSynchronizedRootGroup section */

/* Begin PBXFrameworksBuildPhase section */
		46980ED32E3997EF00BAA41C /* Frameworks */ = {
			isa = PBXFrameworksBuildPhase;
			buildActionMask = 2147483647;
			files = (
			);
			runOnlyForDeploymentPostprocessing = 0;
		};
		46980EE72E3997F000BAA41C /* Frameworks */ = {
			isa = PBXFrameworksBuildPhase;
			buildActionMask = 2147483647;
			files = (
			);
			runOnlyForDeploymentPostprocessing = 0;
		};
		46980EF12E3997F000BAA41C /* Frameworks */ = {
			isa = PBXFrameworksBuildPhase;
			buildActionMask = 2147483647;
			files = (
			);
			runOnlyForDeploymentPostprocessing = 0;
		};
/* End PBXFrameworksBuildPhase section */

/* Begin PBXGroup section */
		46980ECD2E3997EF00BAA41C = {
			isa = PBXGroup;
			children = (
				46980ED82E3997EF00BAA41C /* MindLabsQuest */,
				46980EED2E3997F000BAA41C /* MindLabsQuestTests */,
				46980EF72E3997F000BAA41C /* MindLabsQuestUITests */,
				46980ED72E3997EF00BAA41C /* Products */,
			);
			sourceTree = "<group>";
		};
		46980ED72E3997EF00BAA41C /* Products */ = {
			isa = PBXGroup;
			children = (
				46980ED62E3997EF00BAA41C /* MindLabsQuest.app */,
				46980EEA2E3997F000BAA41C /* MindLabsQuestTests.xctest */,
				46980EF42E3997F000BAA41C /* MindLabsQuestUITests.xctest */,
			);
			name = Products;
			sourceTree = "<group>";
		};
/* End PBXGroup section */

/* Begin PBXNativeTarget section */
		46980ED52E3997EF00BAA41C /* MindLabsQuest */ = {
			isa = PBXNativeTarget;
			buildConfigurationList = 46980EFD2E3997F000BAA41C /* Build configuration list for PBXNativeTarget "MindLabsQuest" */;
			buildPhases = (
				46980ED22E3997EF00BAA41C /* Sources */,
				46980ED32E3997EF00BAA41C /* Frameworks */,
				46980ED42E3997EF00BAA41C /* Resources */,
			);
			buildRules = (
			);
			dependencies = (
			);
			fileSystemSynchronizedGroups = (
				46980ED82E3997EF00BAA41C /* MindLabsQuest */,
			);
			name = MindLabsQuest;
			packageProductDependencies = (
			);
			productName = MindLabsQuest;
			productReference = 46980ED62E3997EF00BAA41C /* MindLabsQuest.app */;
			productType = "com.apple.product-type.application";
		};
		46980EE92E3997F000BAA41C /* MindLabsQuestTests */ = {
			isa = PBXNativeTarget;
			buildConfigurationList = 46980F022E3997F000BAA41C /* Build configuration list for PBXNativeTarget "MindLabsQuestTests" */;
			buildPhases = (
				46980EE62E3997F000BAA41C /* Sources */,
				46980EE72E3997F000BAA41C /* Frameworks */,
				46980EE82E3997F000BAA41C /* Resources */,
			);
			buildRules = (
			);
			dependencies = (
				46980EEC2E3997F000BAA41C /* PBXTargetDependency */,
			);
			fileSystemSynchronizedGroups = (
				46980EED2E3997F000BAA41C /* MindLabsQuestTests */,
			);
			name = MindLabsQuestTests;
			packageProductDependencies = (
			);
			productName = MindLabsQuestTests;
			productReference = 46980EEA2E3997F000BAA41C /* MindLabsQuestTests.xctest */;
			productType = "com.apple.product-type.bundle.unit-test";
		};
		46980EF32E3997F000BAA41C /* MindLabsQuestUITests */ = {
			isa = PBXNativeTarget;
			buildConfigurationList = 46980F052E3997F000BAA41C /* Build configuration list for PBXNativeTarget "MindLabsQuestUITests" */;
			buildPhases = (
				46980EF02E3997F000BAA41C /* Sources */,
				46980EF12E3997F000BAA41C /* Frameworks */,
				46980EF22E3997F000BAA41C /* Resources */,
			);
			buildRules = (
			);
			dependencies = (
				46980EF62E3997F000BAA41C /* PBXTargetDependency */,
			);
			fileSystemSynchronizedGroups = (
				46980EF72E3997F000BAA41C /* MindLabsQuestUITests */,
			);
			name = MindLabsQuestUITests;
			packageProductDependencies = (
			);
			productName = MindLabsQuestUITests;
			productReference = 46980EF42E3997F000BAA41C /* MindLabsQuestUITests.xctest */;
			productType = "com.apple.product-type.bundle.ui-testing";
		};
/* End PBXNativeTarget section */

/* Begin PBXProject section */
		46980ECE2E3997EF00BAA41C /* Project object */ = {
			isa = PBXProject;
			attributes = {
				BuildIndependentTargetsInParallel = 1;
				LastSwiftUpdateCheck = 1640;
				LastUpgradeCheck = 1640;
				TargetAttributes = {
					46980ED52E3997EF00BAA41C = {
						CreatedOnToolsVersion = 16.4;
					};
					46980EE92E3997F000BAA41C = {
						CreatedOnToolsVersion = 16.4;
						TestTargetID = 46980ED52E3997EF00BAA41C;
					};
					46980EF32E3997F000BAA41C = {
						CreatedOnToolsVersion = 16.4;
						TestTargetID = 46980ED52E3997EF00BAA41C;
					};
				};
			};
			buildConfigurationList = 46980ED12E3997EF00BAA41C /* Build configuration list for PBXProject "MindLabsQuest" */;
			developmentRegion = en;
			hasScannedForEncodings = 0;
			knownRegions = (
				en,
				Base,
			);
			mainGroup = 46980ECD2E3997EF00BAA41C;
			minimizedProjectReferenceProxies = 1;
			preferredProjectObjectVersion = 77;
			productRefGroup = 46980ED72E3997EF00BAA41C /* Products */;
			projectDirPath = "";
			projectRoot = "";
			targets = (
				46980ED52E3997EF00BAA41C /* MindLabsQuest */,
				46980EE92E3997F000BAA41C /* MindLabsQuestTests */,
				46980EF32E3997F000BAA41C /* MindLabsQuestUITests */,
			);
		};
/* End PBXProject section */

/* Begin PBXResourcesBuildPhase section */
		46980ED42E3997EF00BAA41C /* Resources */ = {
			isa = PBXResourcesBuildPhase;
			buildActionMask = 2147483647;
			files = (
			);
			runOnlyForDeploymentPostprocessing = 0;
		};
		46980EE82E3997F000BAA41C /* Resources */ = {
			isa = PBXResourcesBuildPhase;
			buildActionMask = 2147483647;
			files = (
			);
			runOnlyForDeploymentPostprocessing = 0;
		};
		46980EF22E3997F000BAA41C /* Resources */ = {
			isa = PBXResourcesBuildPhase;
			buildActionMask = 2147483647;
			files = (
			);
			runOnlyForDeploymentPostprocessing = 0;
		};
/* End PBXResourcesBuildPhase section */

/* Begin PBXSourcesBuildPhase section */
		46980ED22E3997EF00BAA41C /* Sources */ = {
			isa = PBXSourcesBuildPhase;
			buildActionMask = 2147483647;
			files = (
			);
			runOnlyForDeploymentPostprocessing = 0;
		};
		46980EE62E3997F000BAA41C /* Sources */ = {
			isa = PBXSourcesBuildPhase;
			buildActionMask = 2147483647;
			files = (
			);
			runOnlyForDeploymentPostprocessing = 0;
		};
		46980EF02E3997F000BAA41C /* Sources */ = {
			isa = PBXSourcesBuildPhase;
			buildActionMask = 2147483647;
			files = (
			);
			runOnlyForDeploymentPostprocessing = 0;
		};
/* End PBXSourcesBuildPhase section */

/* Begin PBXTargetDependency section */
		46980EEC2E3997F000BAA41C /* PBXTargetDependency */ = {
			isa = PBXTargetDependency;
			target = 46980ED52E3997EF00BAA41C /* MindLabsQuest */;
			targetProxy = 46980EEB2E3997F000BAA41C /* PBXContainerItemProxy */;
		};
		46980EF62E3997F000BAA41C /* PBXTargetDependency */ = {
			isa = PBXTargetDependency;
			target = 46980ED52E3997EF00BAA41C /* MindLabsQuest */;
			targetProxy = 46980EF52E3997F000BAA41C /* PBXContainerItemProxy */;
		};
/* End PBXTargetDependency section */

/* Begin XCBuildConfiguration section */
		46980EFE2E3997F000BAA41C /* Debug */ = {
			isa = XCBuildConfiguration;
			buildSettings = {
				ASSETCATALOG_COMPILER_APPICON_NAME = AppIcon;
				ASSETCATALOG_COMPILER_GLOBAL_ACCENT_COLOR_NAME = AccentColor;
				CODE_SIGN_ENTITLEMENTS = MindLabsQuest/MindLabsQuest.entitlements;
				CODE_SIGN_IDENTITY = "Apple Development";
				CODE_SIGN_STYLE = Automatic;
				CURRENT_PROJECT_VERSION = 1;
				DEVELOPMENT_TEAM = 4W9AG66JW8;
				ENABLE_PREVIEWS = YES;
				GENERATE_INFOPLIST_FILE = YES;
				INFOPLIST_FILE = MindLabsQuest/Info.plist;
				INFOPLIST_KEY_UIApplicationSceneManifest_Generation = YES;
				INFOPLIST_KEY_UIApplicationSupportsIndirectInputEvents = YES;
				INFOPLIST_KEY_UILaunchScreen_Generation = YES;
				INFOPLIST_KEY_UISupportedInterfaceOrientations_iPad = "UIInterfaceOrientationPortrait UIInterfaceOrientationPortraitUpsideDown UIInterfaceOrientationLandscapeLeft UIInterfaceOrientationLandscapeRight";
				INFOPLIST_KEY_UISupportedInterfaceOrientations_iPhone = "UIInterfaceOrientationPortrait UIInterfaceOrientationLandscapeLeft UIInterfaceOrientationLandscapeRight";
				LD_RUNPATH_SEARCH_PATHS = (
					"$(inherited)",
					"@executable_path/Frameworks",
				);
				MARKETING_VERSION = 1.0;
				PRODUCT_BUNDLE_IDENTIFIER = com.mocha.MindLabsQuest2024;
				PRODUCT_NAME = "$(TARGET_NAME)";
				PROVISIONING_PROFILE_SPECIFIER = "";
				SWIFT_EMIT_LOC_STRINGS = YES;
				SWIFT_VERSION = 5.0;
				TARGETED_DEVICE_FAMILY = "1,2";
			};
			name = Debug;
		};
		46980EFF2E3997F000BAA41C /* Release */ = {
			isa = XCBuildConfiguration;
			buildSettings = {
				ASSETCATALOG_COMPILER_APPICON_NAME = AppIcon;
				ASSETCATALOG_COMPILER_GLOBAL_ACCENT_COLOR_NAME = AccentColor;
				CODE_SIGN_ENTITLEMENTS = MindLabsQuest/MindLabsQuest.entitlements;
				CODE_SIGN_IDENTITY = "Apple Development";
				CODE_SIGN_STYLE = Automatic;
				CURRENT_PROJECT_VERSION = 1;
				DEVELOPMENT_TEAM = 4W9AG66JW8;
				ENABLE_PREVIEWS = YES;
				GENERATE_INFOPLIST_FILE = YES;
				INFOPLIST_FILE = MindLabsQuest/Info.plist;
				INFOPLIST_KEY_UIApplicationSceneManifest_Generation = YES;
				INFOPLIST_KEY_UIApplicationSupportsIndirectInputEvents = YES;
				INFOPLIST_KEY_UILaunchScreen_Generation = YES;
				INFOPLIST_KEY_UISupportedInterfaceOrientations_iPad = "UIInterfaceOrientationPortrait UIInterfaceOrientationPortraitUpsideDown UIInterfaceOrientationLandscapeLeft UIInterfaceOrientationLandscapeRight";
				INFOPLIST_KEY_UISupportedInterfaceOrientations_iPhone = "UIInterfaceOrientationPortrait UIInterfaceOrientationLandscapeLeft UIInterfaceOrientationLandscapeRight";
				LD_RUNPATH_SEARCH_PATHS = (
					"$(inherited)",
					"@executable_path/Frameworks",
				);
				MARKETING_VERSION = 1.0;
				PRODUCT_BUNDLE_IDENTIFIER = com.mocha.MindLabsQuest2024;
				PRODUCT_NAME = "$(TARGET_NAME)";
				PROVISIONING_PROFILE_SPECIFIER = "";
				SWIFT_EMIT_LOC_STRINGS = YES;
				SWIFT_VERSION = 5.0;
				TARGETED_DEVICE_FAMILY = "1,2";
			};
			name = Release;
		};
		46980F002E3997F000BAA41C /* Debug */ = {
			isa = XCBuildConfiguration;
			buildSettings = {
				ALWAYS_SEARCH_USER_PATHS = NO;
				ASSETCATALOG_COMPILER_GENERATE_SWIFT_ASSET_SYMBOL_EXTENSIONS = YES;
				CLANG_ANALYZER_NONNULL = YES;
				CLANG_ANALYZER_NUMBER_OBJECT_CONVERSION = YES_AGGRESSIVE;
				CLANG_CXX_LANGUAGE_STANDARD = "gnu++20";
				CLANG_ENABLE_MODULES = YES;
				CLANG_ENABLE_OBJC_ARC = YES;
				CLANG_ENABLE_OBJC_WEAK = YES;
				CLANG_WARN_BLOCK_CAPTURE_AUTORELEASING = YES;
				CLANG_WARN_BOOL_CONVERSION = YES;
				CLANG_WARN_COMMA = YES;
				CLANG_WARN_CONSTANT_CONVERSION = YES;
				CLANG_WARN_DEPRECATED_OBJC_IMPLEMENTATIONS = YES;
				CLANG_WARN_DIRECT_OBJC_ISA_USAGE = YES_ERROR;
				CLANG_WARN_DOCUMENTATION_COMMENTS = YES;
				CLANG_WARN_EMPTY_BODY = YES;
				CLANG_WARN_ENUM_CONVERSION = YES;
				CLANG_WARN_INFINITE_RECURSION = YES;
				CLANG_WARN_INT_CONVERSION = YES;
				CLANG_WARN_NON_LITERAL_NULL_CONVERSION = YES;
				CLANG_WARN_OBJC_IMPLICIT_RETAIN_SELF = YES;
				CLANG_WARN_OBJC_LITERAL_CONVERSION = YES;
				CLANG_WARN_OBJC_ROOT_CLASS = YES_ERROR;
				CLANG_WARN_QUOTED_INCLUDE_IN_FRAMEWORK_HEADER = YES;
				CLANG_WARN_RANGE_LOOP_ANALYSIS = YES;
				CLANG_WARN_STRICT_PROTOTYPES = YES;
				CLANG_WARN_SUSPICIOUS_MOVE = YES;
				CLANG_WARN_UNGUARDED_AVAILABILITY = YES_AGGRESSIVE;
				CLANG_WARN_UNREACHABLE_CODE = YES;
				CLANG_WARN__DUPLICATE_METHOD_MATCH = YES;
				COPY_PHASE_STRIP = NO;
				DEBUG_INFORMATION_FORMAT = dwarf;
				DEVELOPMENT_TEAM = 4W9AG66JW8;
				ENABLE_STRICT_OBJC_MSGSEND = YES;
				ENABLE_TESTABILITY = YES;
				ENABLE_USER_SCRIPT_SANDBOXING = YES;
				GCC_C_LANGUAGE_STANDARD = gnu17;
				GCC_DYNAMIC_NO_PIC = NO;
				GCC_NO_COMMON_BLOCKS = YES;
				GCC_OPTIMIZATION_LEVEL = 0;
				GCC_PREPROCESSOR_DEFINITIONS = (
					"DEBUG=1",
					"$(inherited)",
				);
				GCC_WARN_64_TO_32_BIT_CONVERSION = YES;
				GCC_WARN_ABOUT_RETURN_TYPE = YES_ERROR;
				GCC_WARN_UNDECLARED_SELECTOR = YES;
				GCC_WARN_UNINITIALIZED_AUTOS = YES_AGGRESSIVE;
				GCC_WARN_UNUSED_FUNCTION = YES;
				GCC_WARN_UNUSED_VARIABLE = YES;
				IPHONEOS_DEPLOYMENT_TARGET = 15.0;
				LOCALIZATION_PREFERS_STRING_CATALOGS = YES;
				MTL_ENABLE_DEBUG_INFO = INCLUDE_SOURCE;
				MTL_FAST_MATH = YES;
				ONLY_ACTIVE_ARCH = YES;
				SDKROOT = iphoneos;
				SWIFT_ACTIVE_COMPILATION_CONDITIONS = "DEBUG $(inherited)";
				SWIFT_OPTIMIZATION_LEVEL = "-Onone";
			};
			name = Debug;
		};
		46980F012E3997F000BAA41C /* Release */ = {
			isa = XCBuildConfiguration;
			buildSettings = {
				ALWAYS_SEARCH_USER_PATHS = NO;
				ASSETCATALOG_COMPILER_GENERATE_SWIFT_ASSET_SYMBOL_EXTENSIONS = YES;
				CLANG_ANALYZER_NONNULL = YES;
				CLANG_ANALYZER_NUMBER_OBJECT_CONVERSION = YES_AGGRESSIVE;
				CLANG_CXX_LANGUAGE_STANDARD = "gnu++20";
				CLANG_ENABLE_MODULES = YES;
				CLANG_ENABLE_OBJC_ARC = YES;
				CLANG_ENABLE_OBJC_WEAK = YES;
				CLANG_WARN_BLOCK_CAPTURE_AUTORELEASING = YES;
				CLANG_WARN_BOOL_CONVERSION = YES;
				CLANG_WARN_COMMA = YES;
				CLANG_WARN_CONSTANT_CONVERSION = YES;
				CLANG_WARN_DEPRECATED_OBJC_IMPLEMENTATIONS = YES;
				CLANG_WARN_DIRECT_OBJC_ISA_USAGE = YES_ERROR;
				CLANG_WARN_DOCUMENTATION_COMMENTS = YES;
				CLANG_WARN_EMPTY_BODY = YES;
				CLANG_WARN_ENUM_CONVERSION = YES;
				CLANG_WARN_INFINITE_RECURSION = YES;
				CLANG_WARN_INT_CONVERSION = YES;
				CLANG_WARN_NON_LITERAL_NULL_CONVERSION = YES;
				CLANG_WARN_OBJC_IMPLICIT_RETAIN_SELF = YES;
				CLANG_WARN_OBJC_LITERAL_CONVERSION = YES;
				CLANG_WARN_OBJC_ROOT_CLASS = YES_ERROR;
				CLANG_WARN_QUOTED_INCLUDE_IN_FRAMEWORK_HEADER = YES;
				CLANG_WARN_RANGE_LOOP_ANALYSIS = YES;
				CLANG_WARN_STRICT_PROTOTYPES = YES;
				CLANG_WARN_SUSPICIOUS_MOVE = YES;
				CLANG_WARN_UNGUARDED_AVAILABILITY = YES_AGGRESSIVE;
				CLANG_WARN_UNREACHABLE_CODE = YES;
				CLANG_WARN__DUPLICATE_METHOD_MATCH = YES;
				COPY_PHASE_STRIP = NO;
				DEBUG_INFORMATION_FORMAT = "dwarf-with-dsym";
				DEVELOPMENT_TEAM = 4W9AG66JW8;
				ENABLE_NS_ASSERTIONS = NO;
				ENABLE_STRICT_OBJC_MSGSEND = YES;
				ENABLE_USER_SCRIPT_SANDBOXING = YES;
				GCC_C_LANGUAGE_STANDARD = gnu17;
				GCC_NO_COMMON_BLOCKS = YES;
				GCC_WARN_64_TO_32_BIT_CONVERSION = YES;
				GCC_WARN_ABOUT_RETURN_TYPE = YES_ERROR;
				GCC_WARN_UNDECLARED_SELECTOR = YES;
				GCC_WARN_UNINITIALIZED_AUTOS = YES_AGGRESSIVE;
				GCC_WARN_UNUSED_FUNCTION = YES;
				GCC_WARN_UNUSED_VARIABLE = YES;
				IPHONEOS_DEPLOYMENT_TARGET = 15.0;
				LOCALIZATION_PREFERS_STRING_CATALOGS = YES;
				MTL_ENABLE_DEBUG_INFO = NO;
				MTL_FAST_MATH = YES;
				SDKROOT = iphoneos;
				SWIFT_COMPILATION_MODE = wholemodule;
				VALIDATE_PRODUCT = YES;
			};
			name = Release;
		};
		46980F032E3997F000BAA41C /* Debug */ = {
			isa = XCBuildConfiguration;
			buildSettings = {
				BUNDLE_LOADER = "$(TEST_HOST)";
				CODE_SIGN_STYLE = Automatic;
				CURRENT_PROJECT_VERSION = 1;
				DEVELOPMENT_TEAM = 4W9AG66JW8;
				GENERATE_INFOPLIST_FILE = YES;
				IPHONEOS_DEPLOYMENT_TARGET = 15.0;
				MARKETING_VERSION = 1.0;
				PRODUCT_BUNDLE_IDENTIFIER = com.mocha.MindLabsQuestTests;
				PRODUCT_NAME = "$(TARGET_NAME)";
				SWIFT_EMIT_LOC_STRINGS = NO;
				SWIFT_VERSION = 5.0;
				TARGETED_DEVICE_FAMILY = "1,2";
				TEST_HOST = "$(BUILT_PRODUCTS_DIR)/MindLabsQuest.app/$(BUNDLE_EXECUTABLE_FOLDER_PATH)/MindLabsQuest";
			};
			name = Debug;
		};
		46980F042E3997F000BAA41C /* Release */ = {
			isa = XCBuildConfiguration;
			buildSettings = {
				BUNDLE_LOADER = "$(TEST_HOST)";
				CODE_SIGN_STYLE = Automatic;
				CURRENT_PROJECT_VERSION = 1;
				DEVELOPMENT_TEAM = 4W9AG66JW8;
				GENERATE_INFOPLIST_FILE = YES;
				IPHONEOS_DEPLOYMENT_TARGET = 15.0;
				MARKETING_VERSION = 1.0;
				PRODUCT_BUNDLE_IDENTIFIER = com.mocha.MindLabsQuestTests;
				PRODUCT_NAME = "$(TARGET_NAME)";
				SWIFT_EMIT_LOC_STRINGS = NO;
				SWIFT_VERSION = 5.0;
				TARGETED_DEVICE_FAMILY = "1,2";
				TEST_HOST = "$(BUILT_PRODUCTS_DIR)/MindLabsQuest.app/$(BUNDLE_EXECUTABLE_FOLDER_PATH)/MindLabsQuest";
			};
			name = Release;
		};
		46980F062E3997F000BAA41C /* Debug */ = {
			isa = XCBuildConfiguration;
			buildSettings = {
				CODE_SIGN_STYLE = Automatic;
				CURRENT_PROJECT_VERSION = 1;
				DEVELOPMENT_TEAM = 4W9AG66JW8;
				GENERATE_INFOPLIST_FILE = YES;
				MARKETING_VERSION = 1.0;
				PRODUCT_BUNDLE_IDENTIFIER = com.mocha.MindLabsQuestUITests;
				PRODUCT_NAME = "$(TARGET_NAME)";
				SWIFT_EMIT_LOC_STRINGS = NO;
				SWIFT_VERSION = 5.0;
				TARGETED_DEVICE_FAMILY = "1,2";
				TEST_TARGET_NAME = MindLabsQuest;
			};
			name = Debug;
		};
		46980F072E3997F000BAA41C /* Release */ = {
			isa = XCBuildConfiguration;
			buildSettings = {
				CODE_SIGN_STYLE = Automatic;
				CURRENT_PROJECT_VERSION = 1;
				DEVELOPMENT_TEAM = 4W9AG66JW8;
				GENERATE_INFOPLIST_FILE = YES;
				MARKETING_VERSION = 1.0;
				PRODUCT_BUNDLE_IDENTIFIER = com.mocha.MindLabsQuestUITests;
				PRODUCT_NAME = "$(TARGET_NAME)";
				SWIFT_EMIT_LOC_STRINGS = NO;
				SWIFT_VERSION = 5.0;
				TARGETED_DEVICE_FAMILY = "1,2";
				TEST_TARGET_NAME = MindLabsQuest;
			};
			name = Release;
		};
/* End XCBuildConfiguration section */

/* Begin XCConfigurationList section */
		46980ED12E3997EF00BAA41C /* Build configuration list for PBXProject "MindLabsQuest" */ = {
			isa = XCConfigurationList;
			buildConfigurations = (
				46980F002E3997F000BAA41C /* Debug */,
				46980F012E3997F000BAA41C /* Release */,
			);
			defaultConfigurationIsVisible = 0;
			defaultConfigurationName = Release;
		};
		46980EFD2E3997F000BAA41C /* Build configuration list for PBXNativeTarget "MindLabsQuest" */ = {
			isa = XCConfigurationList;
			buildConfigurations = (
				46980EFE2E3997F000BAA41C /* Debug */,
				46980EFF2E3997F000BAA41C /* Release */,
			);
			defaultConfigurationIsVisible = 0;
			defaultConfigurationName = Release;
		};
		46980F022E3997F000BAA41C /* Build configuration list for PBXNativeTarget "MindLabsQuestTests" */ = {
			isa = XCConfigurationList;
			buildConfigurations = (
				46980F032E3997F000BAA41C /* Debug */,
				46980F042E3997F000BAA41C /* Release */,
			);
			defaultConfigurationIsVisible = 0;
			defaultConfigurationName = Release;
		};
		46980F052E3997F000BAA41C /* Build configuration list for PBXNativeTarget "MindLabsQuestUITests" */ = {
			isa = XCConfigurationList;
			buildConfigurations = (
				46980F062E3997F000BAA41C /* Debug */,
				46980F072E3997F000BAA41C /* Release */,
			);
			defaultConfigurationIsVisible = 0;
			defaultConfigurationName = Release;
		};
/* End XCConfigurationList section */
	};
	rootObject = 46980ECE2E3997EF00BAA41C /* Project object */;
}
